// !$*UTF8*$!
{
	archiveVersion = 1;
	classes = {
	};
	objectVersion = 77;
	objects = {

/* Begin PBXBuildFile section */
		8D4EF5F82D85171600AC19C1 /* RealmSwift in Frameworks */ = {isa = PBXBuildFile; productRef = 8D4EF5F72D85171600AC19C1 /* RealmSwift */; };
		8D8F87352D8CECDA00899E68 /* FirebaseAnalytics in Frameworks */ = {isa = PBXBuildFile; productRef = 8D8F87342D8CECDA00899E68 /* FirebaseAnalytics */; };
		8D8F87372D8CECDA00899E68 /* FirebaseAuth in Frameworks */ = {isa = PBXBuildFile; productRef = 8D8F87362D8CECDA00899E68 /* FirebaseAuth */; };
		8D8F87392D8CECDA00899E68 /* FirebaseCore in Frameworks */ = {isa = PBXBuildFile; productRef = 8D8F87382D8CECDA00899E68 /* FirebaseCore */; };
		8D8F873B2D8CECDA00899E68 /* FirebaseCrashlytics in Frameworks */ = {isa = PBXBuildFile; productRef = 8D8F873A2D8CECDA00899E68 /* FirebaseCrashlytics */; };
		8D8F873D2D8CECDA00899E68 /* FirebaseFirestore in Frameworks */ = {isa = PBXBuildFile; productRef = 8D8F873C2D8CECDA00899E68 /* FirebaseFirestore */; };
/* End PBXBuildFile section */

/* Begin PBXContainerItemProxy section */
		8D79F2EA2D80660300D5D685 /* PBXContainerItemProxy */ = {
			isa = PBXContainerItemProxy;
			containerPortal = 8D79F2D02D80660200D5D685 /* Project object */;
			proxyType = 1;
			remoteGlobalIDString = 8D79F2D72D80660200D5D685;
			remoteInfo = SportsNote_iOS;
		};
		8D79F2F42D80660300D5D685 /* PBXContainerItemProxy */ = {
			isa = PBXContainerItemProxy;
			containerPortal = 8D79F2D02D80660200D5D685 /* Project object */;
			proxyType = 1;
			remoteGlobalIDString = 8D79F2D72D80660200D5D685;
			remoteInfo = SportsNote_iOS;
		};
/* End PBXContainerItemProxy section */

/* Begin PBXFileReference section */
		8D79F2D82D80660200D5D685 /* SportsNote_iOS.app */ = {isa = PBXFileReference; explicitFileType = wrapper.application; includeInIndex = 0; path = SportsNote_iOS.app; sourceTree = BUILT_PRODUCTS_DIR; };
		8D79F2E92D80660300D5D685 /* SportsNote_iOSTests.xctest */ = {isa = PBXFileReference; explicitFileType = wrapper.cfbundle; includeInIndex = 0; path = SportsNote_iOSTests.xctest; sourceTree = BUILT_PRODUCTS_DIR; };
		8D79F2F32D80660300D5D685 /* SportsNote_iOSUITests.xctest */ = {isa = PBXFileReference; explicitFileType = wrapper.cfbundle; includeInIndex = 0; path = SportsNote_iOSUITests.xctest; sourceTree = BUILT_PRODUCTS_DIR; };
/* End PBXFileReference section */

/* Begin PBXFileSystemSynchronizedRootGroup section */
		8D79F2DA2D80660200D5D685 /* SportsNote_iOS */ = {
			isa = PBXFileSystemSynchronizedRootGroup;
			path = SportsNote_iOS;
			sourceTree = "<group>";
		};
		8D79F2EC2D80660300D5D685 /* SportsNote_iOSTests */ = {
			isa = PBXFileSystemSynchronizedRootGroup;
			path = SportsNote_iOSTests;
			sourceTree = "<group>";
		};
		8D79F2F62D80660300D5D685 /* SportsNote_iOSUITests */ = {
			isa = PBXFileSystemSynchronizedRootGroup;
			path = SportsNote_iOSUITests;
			sourceTree = "<group>";
		};
/* End PBXFileSystemSynchronizedRootGroup section */

/* Begin PBXFrameworksBuildPhase section */
		8D79F2D52D80660200D5D685 /* Frameworks */ = {
			isa = PBXFrameworksBuildPhase;
			buildActionMask = 2147483647;
			files = (
				8D8F87352D8CECDA00899E68 /* FirebaseAnalytics in Frameworks */,
				8D8F87372D8CECDA00899E68 /* FirebaseAuth in Frameworks */,
				8D8F873B2D8CECDA00899E68 /* FirebaseCrashlytics in Frameworks */,
				8D8F87392D8CECDA00899E68 /* FirebaseCore in Frameworks */,
				8D4EF5F82D85171600AC19C1 /* RealmSwift in Frameworks */,
				8D8F873D2D8CECDA00899E68 /* FirebaseFirestore in Frameworks */,
			);
			runOnlyForDeploymentPostprocessing = 0;
		};
		8D79F2E62D80660300D5D685 /* Frameworks */ = {
			isa = PBXFrameworksBuildPhase;
			buildActionMask = 2147483647;
			files = (
			);
			runOnlyForDeploymentPostprocessing = 0;
		};
		8D79F2F02D80660300D5D685 /* Frameworks */ = {
			isa = PBXFrameworksBuildPhase;
			buildActionMask = 2147483647;
			files = (
			);
			runOnlyForDeploymentPostprocessing = 0;
		};
/* End PBXFrameworksBuildPhase section */

/* Begin PBXGroup section */
		8D79F2CF2D80660200D5D685 = {
			isa = PBXGroup;
			children = (
				8D79F2DA2D80660200D5D685 /* SportsNote_iOS */,
				8D79F2EC2D80660300D5D685 /* SportsNote_iOSTests */,
				8D79F2F62D80660300D5D685 /* SportsNote_iOSUITests */,
				8D79F2D92D80660200D5D685 /* Products */,
			);
			sourceTree = "<group>";
		};
		8D79F2D92D80660200D5D685 /* Products */ = {
			isa = PBXGroup;
			children = (
				8D79F2D82D80660200D5D685 /* SportsNote_iOS.app */,
				8D79F2E92D80660300D5D685 /* SportsNote_iOSTests.xctest */,
				8D79F2F32D80660300D5D685 /* SportsNote_iOSUITests.xctest */,
			);
			name = Products;
			sourceTree = "<group>";
		};
/* End PBXGroup section */

/* Begin PBXNativeTarget section */
		8D79F2D72D80660200D5D685 /* SportsNote_iOS */ = {
			isa = PBXNativeTarget;
			buildConfigurationList = 8D79F2FD2D80660300D5D685 /* Build configuration list for PBXNativeTarget "SportsNote_iOS" */;
			buildPhases = (
				8D79F2D42D80660200D5D685 /* Sources */,
				8D79F2D52D80660200D5D685 /* Frameworks */,
				8D79F2D62D80660200D5D685 /* Resources */,
			);
			buildRules = (
			);
			dependencies = (
			);
			fileSystemSynchronizedGroups = (
				8D79F2DA2D80660200D5D685 /* SportsNote_iOS */,
			);
			name = SportsNote_iOS;
			packageProductDependencies = (
				8D4EF5F52D85171600AC19C1 /* Realm */,
				8D4EF5F72D85171600AC19C1 /* RealmSwift */,
				8D8F87342D8CECDA00899E68 /* FirebaseAnalytics */,
				8D8F87362D8CECDA00899E68 /* FirebaseAuth */,
				8D8F87382D8CECDA00899E68 /* FirebaseCore */,
				8D8F873A2D8CECDA00899E68 /* FirebaseCrashlytics */,
				8D8F873C2D8CECDA00899E68 /* FirebaseFirestore */,
			);
			productName = SportsNote_iOS;
			productReference = 8D79F2D82D80660200D5D685 /* SportsNote_iOS.app */;
			productType = "com.apple.product-type.application";
		};
		8D79F2E82D80660300D5D685 /* SportsNote_iOSTests */ = {
			isa = PBXNativeTarget;
			buildConfigurationList = 8D79F3002D80660300D5D685 /* Build configuration list for PBXNativeTarget "SportsNote_iOSTests" */;
			buildPhases = (
				8D79F2E52D80660300D5D685 /* Sources */,
				8D79F2E62D80660300D5D685 /* Frameworks */,
				8D79F2E72D80660300D5D685 /* Resources */,
			);
			buildRules = (
			);
			dependencies = (
				8D79F2EB2D80660300D5D685 /* PBXTargetDependency */,
			);
			fileSystemSynchronizedGroups = (
				8D79F2EC2D80660300D5D685 /* SportsNote_iOSTests */,
			);
			name = SportsNote_iOSTests;
			packageProductDependencies = (
			);
			productName = SportsNote_iOSTests;
			productReference = 8D79F2E92D80660300D5D685 /* SportsNote_iOSTests.xctest */;
			productType = "com.apple.product-type.bundle.unit-test";
		};
		8D79F2F22D80660300D5D685 /* SportsNote_iOSUITests */ = {
			isa = PBXNativeTarget;
			buildConfigurationList = 8D79F3032D80660300D5D685 /* Build configuration list for PBXNativeTarget "SportsNote_iOSUITests" */;
			buildPhases = (
				8D79F2EF2D80660300D5D685 /* Sources */,
				8D79F2F02D80660300D5D685 /* Frameworks */,
				8D79F2F12D80660300D5D685 /* Resources */,
			);
			buildRules = (
			);
			dependencies = (
				8D79F2F52D80660300D5D685 /* PBXTargetDependency */,
			);
			fileSystemSynchronizedGroups = (
				8D79F2F62D80660300D5D685 /* SportsNote_iOSUITests */,
			);
			name = SportsNote_iOSUITests;
			packageProductDependencies = (
			);
			productName = SportsNote_iOSUITests;
			productReference = 8D79F2F32D80660300D5D685 /* SportsNote_iOSUITests.xctest */;
			productType = "com.apple.product-type.bundle.ui-testing";
		};
/* End PBXNativeTarget section */

/* Begin PBXProject section */
		8D79F2D02D80660200D5D685 /* Project object */ = {
			isa = PBXProject;
			attributes = {
				BuildIndependentTargetsInParallel = 1;
				LastSwiftUpdateCheck = 1620;
				LastUpgradeCheck = 1620;
				TargetAttributes = {
					8D79F2D72D80660200D5D685 = {
						CreatedOnToolsVersion = 16.2;
					};
					8D79F2E82D80660300D5D685 = {
						CreatedOnToolsVersion = 16.2;
						TestTargetID = 8D79F2D72D80660200D5D685;
					};
					8D79F2F22D80660300D5D685 = {
						CreatedOnToolsVersion = 16.2;
						TestTargetID = 8D79F2D72D80660200D5D685;
					};
				};
			};
			buildConfigurationList = 8D79F2D32D80660200D5D685 /* Build configuration list for PBXProject "SportsNote_iOS" */;
			developmentRegion = ja;
			hasScannedForEncodings = 0;
			knownRegions = (
				en,
				Base,
				ja,
			);
			mainGroup = 8D79F2CF2D80660200D5D685;
			minimizedProjectReferenceProxies = 1;
			packageReferences = (
				8D4EF5F42D85171600AC19C1 /* XCRemoteSwiftPackageReference "realm-swift" */,
				8D8F87332D8CECDA00899E68 /* XCRemoteSwiftPackageReference "firebase-ios-sdk" */,
			);
			preferredProjectObjectVersion = 77;
			productRefGroup = 8D79F2D92D80660200D5D685 /* Products */;
			projectDirPath = "";
			projectRoot = "";
			targets = (
				8D79F2D72D80660200D5D685 /* SportsNote_iOS */,
				8D79F2E82D80660300D5D685 /* SportsNote_iOSTests */,
				8D79F2F22D80660300D5D685 /* SportsNote_iOSUITests */,
			);
		};
/* End PBXProject section */

/* Begin PBXResourcesBuildPhase section */
		8D79F2D62D80660200D5D685 /* Resources */ = {
			isa = PBXResourcesBuildPhase;
			buildActionMask = 2147483647;
			files = (
			);
			runOnlyForDeploymentPostprocessing = 0;
		};
		8D79F2E72D80660300D5D685 /* Resources */ = {
			isa = PBXResourcesBuildPhase;
			buildActionMask = 2147483647;
			files = (
			);
			runOnlyForDeploymentPostprocessing = 0;
		};
		8D79F2F12D80660300D5D685 /* Resources */ = {
			isa = PBXResourcesBuildPhase;
			buildActionMask = 2147483647;
			files = (
			);
			runOnlyForDeploymentPostprocessing = 0;
		};
/* End PBXResourcesBuildPhase section */

/* Begin PBXSourcesBuildPhase section */
		8D79F2D42D80660200D5D685 /* Sources */ = {
			isa = PBXSourcesBuildPhase;
			buildActionMask = 2147483647;
			files = (
			);
			runOnlyForDeploymentPostprocessing = 0;
		};
		8D79F2E52D80660300D5D685 /* Sources */ = {
			isa = PBXSourcesBuildPhase;
			buildActionMask = 2147483647;
			files = (
			);
			runOnlyForDeploymentPostprocessing = 0;
		};
		8D79F2EF2D80660300D5D685 /* Sources */ = {
			isa = PBXSourcesBuildPhase;
			buildActionMask = 2147483647;
			files = (
			);
			runOnlyForDeploymentPostprocessing = 0;
		};
/* End PBXSourcesBuildPhase section */

/* Begin PBXTargetDependency section */
		8D79F2EB2D80660300D5D685 /* PBXTargetDependency */ = {
			isa = PBXTargetDependency;
			target = 8D79F2D72D80660200D5D685 /* SportsNote_iOS */;
			targetProxy = 8D79F2EA2D80660300D5D685 /* PBXContainerItemProxy */;
		};
		8D79F2F52D80660300D5D685 /* PBXTargetDependency */ = {
			isa = PBXTargetDependency;
			target = 8D79F2D72D80660200D5D685 /* SportsNote_iOS */;
			targetProxy = 8D79F2F42D80660300D5D685 /* PBXContainerItemProxy */;
		};
/* End PBXTargetDependency section */

/* Begin XCBuildConfiguration section */
		8D79F2FB2D80660300D5D685 /* Debug */ = {
			isa = XCBuildConfiguration;
			buildSettings = {
				ALWAYS_SEARCH_USER_PATHS = NO;
				ASSETCATALOG_COMPILER_GENERATE_SWIFT_ASSET_SYMBOL_EXTENSIONS = YES;
				CLANG_ANALYZER_NONNULL = YES;
				CLANG_ANALYZER_NUMBER_OBJECT_CONVERSION = YES_AGGRESSIVE;
				CLANG_CXX_LANGUAGE_STANDARD = "gnu++20";
				CLANG_ENABLE_MODULES = YES;
				CLANG_ENABLE_OBJC_ARC = YES;
				CLANG_ENABLE_OBJC_WEAK = YES;
				CLANG_WARN_BLOCK_CAPTURE_AUTORELEASING = YES;
				CLANG_WARN_BOOL_CONVERSION = YES;
				CLANG_WARN_COMMA = YES;
				CLANG_WARN_CONSTANT_CONVERSION = YES;
				CLANG_WARN_DEPRECATED_OBJC_IMPLEMENTATIONS = YES;
				CLANG_WARN_DIRECT_OBJC_ISA_USAGE = YES_ERROR;
				CLANG_WARN_DOCUMENTATION_COMMENTS = YES;
				CLANG_WARN_EMPTY_BODY = YES;
				CLANG_WARN_ENUM_CONVERSION = YES;
				CLANG_WARN_INFINITE_RECURSION = YES;
				CLANG_WARN_INT_CONVERSION = YES;
				CLANG_WARN_NON_LITERAL_NULL_CONVERSION = YES;
				CLANG_WARN_OBJC_IMPLICIT_RETAIN_SELF = YES;
				CLANG_WARN_OBJC_LITERAL_CONVERSION = YES;
				CLANG_WARN_OBJC_ROOT_CLASS = YES_ERROR;
				CLANG_WARN_QUOTED_INCLUDE_IN_FRAMEWORK_HEADER = YES;
				CLANG_WARN_RANGE_LOOP_ANALYSIS = YES;
				CLANG_WARN_STRICT_PROTOTYPES = YES;
				CLANG_WARN_SUSPICIOUS_MOVE = YES;
				CLANG_WARN_UNGUARDED_AVAILABILITY = YES_AGGRESSIVE;
				CLANG_WARN_UNREACHABLE_CODE = YES;
				CLANG_WARN__DUPLICATE_METHOD_MATCH = YES;
				COPY_PHASE_STRIP = NO;
				DEBUG_INFORMATION_FORMAT = dwarf;
				ENABLE_STRICT_OBJC_MSGSEND = YES;
				ENABLE_TESTABILITY = YES;
				ENABLE_USER_SCRIPT_SANDBOXING = YES;
				GCC_C_LANGUAGE_STANDARD = gnu17;
				GCC_DYNAMIC_NO_PIC = NO;
				GCC_NO_COMMON_BLOCKS = YES;
				GCC_OPTIMIZATION_LEVEL = 0;
				GCC_PREPROCESSOR_DEFINITIONS = (
					"DEBUG=1",
					"$(inherited)",
				);
				GCC_WARN_64_TO_32_BIT_CONVERSION = YES;
				GCC_WARN_ABOUT_RETURN_TYPE = YES_ERROR;
				GCC_WARN_UNDECLARED_SELECTOR = YES;
				GCC_WARN_UNINITIALIZED_AUTOS = YES_AGGRESSIVE;
				GCC_WARN_UNUSED_FUNCTION = YES;
				GCC_WARN_UNUSED_VARIABLE = YES;
				LOCALIZATION_PREFERS_STRING_CATALOGS = YES;
				MTL_ENABLE_DEBUG_INFO = INCLUDE_SOURCE;
				MTL_FAST_MATH = YES;
				ONLY_ACTIVE_ARCH = YES;
				SWIFT_ACTIVE_COMPILATION_CONDITIONS = "DEBUG $(inherited)";
				SWIFT_OPTIMIZATION_LEVEL = "-Onone";
			};
			name = Debug;
		};
		8D79F2FC2D80660300D5D685 /* Release */ = {
			isa = XCBuildConfiguration;
			buildSettings = {
				ALWAYS_SEARCH_USER_PATHS = NO;
				ASSETCATALOG_COMPILER_GENERATE_SWIFT_ASSET_SYMBOL_EXTENSIONS = YES;
				CLANG_ANALYZER_NONNULL = YES;
				CLANG_ANALYZER_NUMBER_OBJECT_CONVERSION = YES_AGGRESSIVE;
				CLANG_CXX_LANGUAGE_STANDARD = "gnu++20";
				CLANG_ENABLE_MODULES = YES;
				CLANG_ENABLE_OBJC_ARC = YES;
				CLANG_ENABLE_OBJC_WEAK = YES;
				CLANG_WARN_BLOCK_CAPTURE_AUTORELEASING = YES;
				CLANG_WARN_BOOL_CONVERSION = YES;
				CLANG_WARN_COMMA = YES;
				CLANG_WARN_CONSTANT_CONVERSION = YES;
				CLANG_WARN_DEPRECATED_OBJC_IMPLEMENTATIONS = YES;
				CLANG_WARN_DIRECT_OBJC_ISA_USAGE = YES_ERROR;
				CLANG_WARN_DOCUMENTATION_COMMENTS = YES;
				CLANG_WARN_EMPTY_BODY = YES;
				CLANG_WARN_ENUM_CONVERSION = YES;
				CLANG_WARN_INFINITE_RECURSION = YES;
				CLANG_WARN_INT_CONVERSION = YES;
				CLANG_WARN_NON_LITERAL_NULL_CONVERSION = YES;
				CLANG_WARN_OBJC_IMPLICIT_RETAIN_SELF = YES;
				CLANG_WARN_OBJC_LITERAL_CONVERSION = YES;
				CLANG_WARN_OBJC_ROOT_CLASS = YES_ERROR;
				CLANG_WARN_QUOTED_INCLUDE_IN_FRAMEWORK_HEADER = YES;
				CLANG_WARN_RANGE_LOOP_ANALYSIS = YES;
				CLANG_WARN_STRICT_PROTOTYPES = YES;
				CLANG_WARN_SUSPICIOUS_MOVE = YES;
				CLANG_WARN_UNGUARDED_AVAILABILITY = YES_AGGRESSIVE;
				CLANG_WARN_UNREACHABLE_CODE = YES;
				CLANG_WARN__DUPLICATE_METHOD_MATCH = YES;
				COPY_PHASE_STRIP = NO;
				DEBUG_INFORMATION_FORMAT = "dwarf-with-dsym";
				ENABLE_NS_ASSERTIONS = NO;
				ENABLE_STRICT_OBJC_MSGSEND = YES;
				ENABLE_USER_SCRIPT_SANDBOXING = YES;
				GCC_C_LANGUAGE_STANDARD = gnu17;
				GCC_NO_COMMON_BLOCKS = YES;
				GCC_WARN_64_TO_32_BIT_CONVERSION = YES;
				GCC_WARN_ABOUT_RETURN_TYPE = YES_ERROR;
				GCC_WARN_UNDECLARED_SELECTOR = YES;
				GCC_WARN_UNINITIALIZED_AUTOS = YES_AGGRESSIVE;
				GCC_WARN_UNUSED_FUNCTION = YES;
				GCC_WARN_UNUSED_VARIABLE = YES;
				LOCALIZATION_PREFERS_STRING_CATALOGS = YES;
				MTL_ENABLE_DEBUG_INFO = NO;
				MTL_FAST_MATH = YES;
				SWIFT_COMPILATION_MODE = wholemodule;
			};
			name = Release;
		};
		8D79F2FE2D80660300D5D685 /* Debug */ = {
			isa = XCBuildConfiguration;
			buildSettings = {
				ASSETCATALOG_COMPILER_APPICON_NAME = AppIcon;
				ASSETCATALOG_COMPILER_GLOBAL_ACCENT_COLOR_NAME = AccentColor;
				CODE_SIGN_ENTITLEMENTS = SportsNote_iOS/Resource/SportsNote_iOS.entitlements;
				CODE_SIGN_STYLE = Automatic;
				CURRENT_PROJECT_VERSION = 1;
				DEVELOPMENT_ASSET_PATHS = "\"SportsNote_iOS/Resource\"";
				DEVELOPMENT_TEAM = 9YB68MR5FL;
				ENABLE_HARDENED_RUNTIME = YES;
				ENABLE_PREVIEWS = YES;
				GENERATE_INFOPLIST_FILE = YES;
				"INFOPLIST_KEY_UIApplicationSceneManifest_Generation[sdk=iphoneos*]" = YES;
				"INFOPLIST_KEY_UIApplicationSceneManifest_Generation[sdk=iphonesimulator*]" = YES;
				"INFOPLIST_KEY_UIApplicationSupportsIndirectInputEvents[sdk=iphoneos*]" = YES;
				"INFOPLIST_KEY_UIApplicationSupportsIndirectInputEvents[sdk=iphonesimulator*]" = YES;
				"INFOPLIST_KEY_UILaunchScreen_Generation[sdk=iphoneos*]" = YES;
				"INFOPLIST_KEY_UILaunchScreen_Generation[sdk=iphonesimulator*]" = YES;
				"INFOPLIST_KEY_UIStatusBarStyle[sdk=iphoneos*]" = UIStatusBarStyleDefault;
				"INFOPLIST_KEY_UIStatusBarStyle[sdk=iphonesimulator*]" = UIStatusBarStyleDefault;
				INFOPLIST_KEY_UISupportedInterfaceOrientations = UIInterfaceOrientationPortrait;
				INFOPLIST_KEY_UISupportedInterfaceOrientations_iPad = "UIInterfaceOrientationLandscapeLeft UIInterfaceOrientationLandscapeRight UIInterfaceOrientationPortrait UIInterfaceOrientationPortraitUpsideDown";
				IPHONEOS_DEPLOYMENT_TARGET = 16.0;
				LD_RUNPATH_SEARCH_PATHS = "@executable_path/Frameworks";
				"LD_RUNPATH_SEARCH_PATHS[sdk=macosx*]" = "@executable_path/../Frameworks";
				MACOSX_DEPLOYMENT_TARGET = 11.5;
				MARKETING_VERSION = 1.8.0;
				PRODUCT_BUNDLE_IDENTIFIER = com.it6210.Takatoshi.Miura.SportsNoteApp;
				PRODUCT_NAME = "$(TARGET_NAME)";
				SDKROOT = auto;
				SUPPORTED_PLATFORMS = "iphoneos iphonesimulator macosx xros xrsimulator";
				SWIFT_EMIT_LOC_STRINGS = YES;
				SWIFT_VERSION = 6.0;
				TARGETED_DEVICE_FAMILY = "1,2,7";
				XROS_DEPLOYMENT_TARGET = 1.3;
			};
			name = Debug;
		};
		8D79F2FF2D80660300D5D685 /* Release */ = {
			isa = XCBuildConfiguration;
			buildSettings = {
				ASSETCATALOG_COMPILER_APPICON_NAME = AppIcon;
				ASSETCATALOG_COMPILER_GLOBAL_ACCENT_COLOR_NAME = AccentColor;
				CODE_SIGN_ENTITLEMENTS = SportsNote_iOS/Resource/SportsNote_iOS.entitlements;
				CODE_SIGN_STYLE = Automatic;
				CURRENT_PROJECT_VERSION = 1;
				DEVELOPMENT_ASSET_PATHS = "\"SportsNote_iOS/Resource\"";
				DEVELOPMENT_TEAM = 9YB68MR5FL;
				ENABLE_HARDENED_RUNTIME = YES;
				ENABLE_PREVIEWS = YES;
				GENERATE_INFOPLIST_FILE = YES;
				"INFOPLIST_KEY_UIApplicationSceneManifest_Generation[sdk=iphoneos*]" = YES;
				"INFOPLIST_KEY_UIApplicationSceneManifest_Generation[sdk=iphonesimulator*]" = YES;
				"INFOPLIST_KEY_UIApplicationSupportsIndirectInputEvents[sdk=iphoneos*]" = YES;
				"INFOPLIST_KEY_UIApplicationSupportsIndirectInputEvents[sdk=iphonesimulator*]" = YES;
				"INFOPLIST_KEY_UILaunchScreen_Generation[sdk=iphoneos*]" = YES;
				"INFOPLIST_KEY_UILaunchScreen_Generation[sdk=iphonesimulator*]" = YES;
				"INFOPLIST_KEY_UIStatusBarStyle[sdk=iphoneos*]" = UIStatusBarStyleDefault;
				"INFOPLIST_KEY_UIStatusBarStyle[sdk=iphonesimulator*]" = UIStatusBarStyleDefault;
				INFOPLIST_KEY_UISupportedInterfaceOrientations = UIInterfaceOrientationPortrait;
				INFOPLIST_KEY_UISupportedInterfaceOrientations_iPad = "UIInterfaceOrientationLandscapeLeft UIInterfaceOrientationLandscapeRight UIInterfaceOrientationPortrait UIInterfaceOrientationPortraitUpsideDown";
				IPHONEOS_DEPLOYMENT_TARGET = 16.0;
				LD_RUNPATH_SEARCH_PATHS = "@executable_path/Frameworks";
				"LD_RUNPATH_SEARCH_PATHS[sdk=macosx*]" = "@executable_path/../Frameworks";
				MACOSX_DEPLOYMENT_TARGET = 11.5;
				MARKETING_VERSION = 1.8.0;
				PRODUCT_BUNDLE_IDENTIFIER = com.it6210.Takatoshi.Miura.SportsNoteApp;
				PRODUCT_NAME = "$(TARGET_NAME)";
				SDKROOT = auto;
				SUPPORTED_PLATFORMS = "iphoneos iphonesimulator macosx xros xrsimulator";
				SWIFT_EMIT_LOC_STRINGS = YES;
				SWIFT_VERSION = 6.0;
				TARGETED_DEVICE_FAMILY = "1,2,7";
				XROS_DEPLOYMENT_TARGET = 1.3;
			};
			name = Release;
		};
		8D79F3012D80660300D5D685 /* Debug */ = {
			isa = XCBuildConfiguration;
			buildSettings = {
				BUNDLE_LOADER = "$(TEST_HOST)";
				CODE_SIGN_STYLE = Automatic;
				CURRENT_PROJECT_VERSION = 1;
				DEVELOPMENT_TEAM = 9YB68MR5FL;
				GENERATE_INFOPLIST_FILE = YES;
				IPHONEOS_DEPLOYMENT_TARGET = 18.2;
				MACOSX_DEPLOYMENT_TARGET = 15.2;
				MARKETING_VERSION = 1.0;
				PRODUCT_BUNDLE_IDENTIFIER = "it6210.SportsNote-iOSTests";
				PRODUCT_NAME = "$(TARGET_NAME)";
				SDKROOT = auto;
				SUPPORTED_PLATFORMS = "iphoneos iphonesimulator macosx xros xrsimulator";
				SWIFT_EMIT_LOC_STRINGS = NO;
				SWIFT_VERSION = 5.0;
				TARGETED_DEVICE_FAMILY = "1,2,7";
				TEST_HOST = "$(BUILT_PRODUCTS_DIR)/SportsNote_iOS.app/$(BUNDLE_EXECUTABLE_FOLDER_PATH)/SportsNote_iOS";
				XROS_DEPLOYMENT_TARGET = 2.2;
			};
			name = Debug;
		};
		8D79F3022D80660300D5D685 /* Release */ = {
			isa = XCBuildConfiguration;
			buildSettings = {
				BUNDLE_LOADER = "$(TEST_HOST)";
				CODE_SIGN_STYLE = Automatic;
				CURRENT_PROJECT_VERSION = 1;
				DEVELOPMENT_TEAM = 9YB68MR5FL;
				GENERATE_INFOPLIST_FILE = YES;
				IPHONEOS_DEPLOYMENT_TARGET = 18.2;
				MACOSX_DEPLOYMENT_TARGET = 15.2;
				MARKETING_VERSION = 1.0;
				PRODUCT_BUNDLE_IDENTIFIER = "it6210.SportsNote-iOSTests";
				PRODUCT_NAME = "$(TARGET_NAME)";
				SDKROOT = auto;
				SUPPORTED_PLATFORMS = "iphoneos iphonesimulator macosx xros xrsimulator";
				SWIFT_EMIT_LOC_STRINGS = NO;
				SWIFT_VERSION = 5.0;
				TARGETED_DEVICE_FAMILY = "1,2,7";
				TEST_HOST = "$(BUILT_PRODUCTS_DIR)/SportsNote_iOS.app/$(BUNDLE_EXECUTABLE_FOLDER_PATH)/SportsNote_iOS";
				XROS_DEPLOYMENT_TARGET = 2.2;
			};
			name = Release;
		};
		8D79F3042D80660300D5D685 /* Debug */ = {
			isa = XCBuildConfiguration;
			buildSettings = {
				CODE_SIGN_STYLE = Automatic;
				CURRENT_PROJECT_VERSION = 1;
				DEVELOPMENT_TEAM = 9YB68MR5FL;
				GENERATE_INFOPLIST_FILE = YES;
				IPHONEOS_DEPLOYMENT_TARGET = 18.2;
				MACOSX_DEPLOYMENT_TARGET = 15.2;
				MARKETING_VERSION = 1.0;
				PRODUCT_BUNDLE_IDENTIFIER = "it6210.SportsNote-iOSUITests";
				PRODUCT_NAME = "$(TARGET_NAME)";
				SDKROOT = auto;
				SUPPORTED_PLATFORMS = "iphoneos iphonesimulator macosx xros xrsimulator";
				SWIFT_EMIT_LOC_STRINGS = NO;
				SWIFT_VERSION = 5.0;
				TARGETED_DEVICE_FAMILY = "1,2,7";
				TEST_TARGET_NAME = SportsNote_iOS;
				XROS_DEPLOYMENT_TARGET = 2.2;
			};
			name = Debug;
		};
		8D79F3052D80660300D5D685 /* Release */ = {
			isa = XCBuildConfiguration;
			buildSettings = {
				CODE_SIGN_STYLE = Automatic;
				CURRENT_PROJECT_VERSION = 1;
				DEVELOPMENT_TEAM = 9YB68MR5FL;
				GENERATE_INFOPLIST_FILE = YES;
				IPHONEOS_DEPLOYMENT_TARGET = 18.2;
				MACOSX_DEPLOYMENT_TARGET = 15.2;
				MARKETING_VERSION = 1.0;
				PRODUCT_BUNDLE_IDENTIFIER = "it6210.SportsNote-iOSUITests";
				PRODUCT_NAME = "$(TARGET_NAME)";
				SDKROOT = auto;
				SUPPORTED_PLATFORMS = "iphoneos iphonesimulator macosx xros xrsimulator";
				SWIFT_EMIT_LOC_STRINGS = NO;
				SWIFT_VERSION = 5.0;
				TARGETED_DEVICE_FAMILY = "1,2,7";
				TEST_TARGET_NAME = SportsNote_iOS;
				XROS_DEPLOYMENT_TARGET = 2.2;
			};
			name = Release;
		};
/* End XCBuildConfiguration section */

/* Begin XCConfigurationList section */
		8D79F2D32D80660200D5D685 /* Build configuration list for PBXProject "SportsNote_iOS" */ = {
			isa = XCConfigurationList;
			buildConfigurations = (
				8D79F2FB2D80660300D5D685 /* Debug */,
				8D79F2FC2D80660300D5D685 /* Release */,
			);
			defaultConfigurationIsVisible = 0;
			defaultConfigurationName = Release;
		};
		8D79F2FD2D80660300D5D685 /* Build configuration list for PBXNativeTarget "SportsNote_iOS" */ = {
			isa = XCConfigurationList;
			buildConfigurations = (
				8D79F2FE2D80660300D5D685 /* Debug */,
				8D79F2FF2D80660300D5D685 /* Release */,
			);
			defaultConfigurationIsVisible = 0;
			defaultConfigurationName = Release;
		};
		8D79F3002D80660300D5D685 /* Build configuration list for PBXNativeTarget "SportsNote_iOSTests" */ = {
			isa = XCConfigurationList;
			buildConfigurations = (
				8D79F3012D80660300D5D685 /* Debug */,
				8D79F3022D80660300D5D685 /* Release */,
			);
			defaultConfigurationIsVisible = 0;
			defaultConfigurationName = Release;
		};
		8D79F3032D80660300D5D685 /* Build configuration list for PBXNativeTarget "SportsNote_iOSUITests" */ = {
			isa = XCConfigurationList;
			buildConfigurations = (
				8D79F3042D80660300D5D685 /* Debug */,
				8D79F3052D80660300D5D685 /* Release */,
			);
			defaultConfigurationIsVisible = 0;
			defaultConfigurationName = Release;
		};
/* End XCConfigurationList section */

/* Begin XCRemoteSwiftPackageReference section */
		8D4EF5F42D85171600AC19C1 /* XCRemoteSwiftPackageReference "realm-swift" */ = {
			isa = XCRemoteSwiftPackageReference;
			repositoryURL = "https://github.com/realm/realm-swift";
			requirement = {
				kind = upToNextMajorVersion;
				minimumVersion = 10.54.3;
			};
		};
		8D8F87332D8CECDA00899E68 /* XCRemoteSwiftPackageReference "firebase-ios-sdk" */ = {
			isa = XCRemoteSwiftPackageReference;
			repositoryURL = "https://github.com/firebase/firebase-ios-sdk.git";
			requirement = {
				kind = upToNextMajorVersion;
				minimumVersion = 11.10.0;
			};
		};
/* End XCRemoteSwiftPackageReference section */

/* Begin XCSwiftPackageProductDependency section */
		8D4EF5F52D85171600AC19C1 /* Realm */ = {
			isa = XCSwiftPackageProductDependency;
			package = 8D4EF5F42D85171600AC19C1 /* XCRemoteSwiftPackageReference "realm-swift" */;
			productName = Realm;
		};
		8D4EF5F72D85171600AC19C1 /* RealmSwift */ = {
			isa = XCSwiftPackageProductDependency;
			package = 8D4EF5F42D85171600AC19C1 /* XCRemoteSwiftPackageReference "realm-swift" */;
			productName = RealmSwift;
		};
		8D8F87342D8CECDA00899E68 /* FirebaseAnalytics */ = {
			isa = XCSwiftPackageProductDependency;
			package = 8D8F87332D8CECDA00899E68 /* XCRemoteSwiftPackageReference "firebase-ios-sdk" */;
			productName = FirebaseAnalytics;
		};
		8D8F87362D8CECDA00899E68 /* FirebaseAuth */ = {
			isa = XCSwiftPackageProductDependency;
			package = 8D8F87332D8CECDA00899E68 /* XCRemoteSwiftPackageReference "firebase-ios-sdk" */;
			productName = FirebaseAuth;
		};
		8D8F87382D8CECDA00899E68 /* FirebaseCore */ = {
			isa = XCSwiftPackageProductDependency;
			package = 8D8F87332D8CECDA00899E68 /* XCRemoteSwiftPackageReference "firebase-ios-sdk" */;
			productName = FirebaseCore;
		};
		8D8F873A2D8CECDA00899E68 /* FirebaseCrashlytics */ = {
			isa = XCSwiftPackageProductDependency;
			package = 8D8F87332D8CECDA00899E68 /* XCRemoteSwiftPackageReference "firebase-ios-sdk" */;
			productName = FirebaseCrashlytics;
		};
		8D8F873C2D8CECDA00899E68 /* FirebaseFirestore */ = {
			isa = XCSwiftPackageProductDependency;
			package = 8D8F87332D8CECDA00899E68 /* XCRemoteSwiftPackageReference "firebase-ios-sdk" */;
			productName = FirebaseFirestore;
		};
/* End XCSwiftPackageProductDependency section */
	};
	rootObject = 8D79F2D02D80660200D5D685 /* Project object */;
}
